
Microsoft Visual Studio Solution File, Format Version 12.00
# Visual Studio Version 16
VisualStudioVersion = 16.0.30104.148
MinimumVisualStudioVersion = 10.0.40219.1
Project("{FAE04EC0-301F-11D3-BF4B-00C04F79EFBC}") = "ContactsAppUI", "ContactsAppUI\ContactsAppUI.csproj", "{61DB6379-2F2C-4C2C-908E-EFBC449CE5D6}"
EndProject
Project("{9A19103F-16F7-4668-BE54-9A1E7A4F7556}") = "ContactsApp", "ContactsApp\ContactsApp.csproj", "{9C9991AE-5443-4C6F-A0EF-2376F98346BF}"
EndProject
Project("{FAE04EC0-301F-11D3-BF4B-00C04F79EFBC}") = "ConsoleApp1", "ConsoleApp1\ConsoleApp1.csproj", "{BDDF2E7D-A6EA-4C03-9B42-02AB2EF93728}"
EndProject
Global
	GlobalSection(SolutionConfigurationPlatforms) = preSolution
		Debug|Any CPU = Debug|Any CPU
		Release|Any CPU = Release|Any CPU
	EndGlobalSection
	GlobalSection(ProjectConfigurationPlatforms) = postSolution
		{61DB6379-2F2C-4C2C-908E-EFBC449CE5D6}.Debug|Any CPU.ActiveCfg = Debug|Any CPU
		{61DB6379-2F2C-4C2C-908E-EFBC449CE5D6}.Debug|Any CPU.Build.0 = Debug|Any CPU
		{61DB6379-2F2C-4C2C-908E-EFBC449CE5D6}.Release|Any CPU.ActiveCfg = Release|Any CPU
		{61DB6379-2F2C-4C2C-908E-EFBC449CE5D6}.Release|Any CPU.Build.0 = Release|Any CPU
		{9C9991AE-5443-4C6F-A0EF-2376F98346BF}.Debug|Any CPU.ActiveCfg = Debug|Any CPU
		{9C9991AE-5443-4C6F-A0EF-2376F98346BF}.Debug|Any CPU.Build.0 = Debug|Any CPU
		{9C9991AE-5443-4C6F-A0EF-2376F98346BF}.Release|Any CPU.ActiveCfg = Release|Any CPU
		{9C9991AE-5443-4C6F-A0EF-2376F98346BF}.Release|Any CPU.Build.0 = Release|Any CPU
		{BDDF2E7D-A6EA-4C03-9B42-02AB2EF93728}.Debug|Any CPU.ActiveCfg = Debug|Any CPU
		{BDDF2E7D-A6EA-4C03-9B42-02AB2EF93728}.Debug|Any CPU.Build.0 = Debug|Any CPU
		{BDDF2E7D-A6EA-4C03-9B42-02AB2EF93728}.Release|Any CPU.ActiveCfg = Release|Any CPU
		{BDDF2E7D-A6EA-4C03-9B42-02AB2EF93728}.Release|Any CPU.Build.0 = Release|Any CPU
	EndGlobalSection
	GlobalSection(SolutionProperties) = preSolution
		HideSolutionNode = FALSE
	EndGlobalSection
	GlobalSection(ExtensibilityGlobals) = postSolution
		SolutionGuid = {11CCA260-B158-40E9-AB9F-4D5B18909CCD}
	EndGlobalSection
EndGlobal
